
Microsoft Visual Studio Solution File, Format Version 12.00
# Visual Studio Version 16
VisualStudioVersion = 16.0.29201.188
MinimumVisualStudioVersion = 10.0.40219.1
Project("{9A19103F-16F7-4668-BE54-9A1E7A4F7556}") = "AspNetCore3WebApi", "AspNetCore3WebApi\AspNetCore3WebApi.csproj", "{ACA0F375-ACAA-45EE-862E-9575D9D4B63C}"
EndProject
Global
	GlobalSection(SolutionConfigurationPlatforms) = preSolution
		Debug|Any CPU = Debug|Any CPU
		Release|Any CPU = Release|Any CPU
	EndGlobalSection
	GlobalSection(ProjectConfigurationPlatforms) = postSolution
		{ACA0F375-ACAA-45EE-862E-9575D9D4B63C}.Debug|Any CPU.ActiveCfg = Debug|Any CPU
		{ACA0F375-ACAA-45EE-862E-9575D9D4B63C}.Debug|Any CPU.Build.0 = Debug|Any CPU
		{ACA0F375-ACAA-45EE-862E-9575D9D4B63C}.Release|Any CPU.ActiveCfg = Release|Any CPU
		{ACA0F375-ACAA-45EE-862E-9575D9D4B63C}.Release|Any CPU.Build.0 = Release|Any CPU
	EndGlobalSection
	GlobalSection(SolutionProperties) = preSolution
		HideSolutionNode = FALSE
	EndGlobalSection
	GlobalSection(ExtensibilityGlobals) = postSolution
		SolutionGuid = {A817FA26-D559-481C-8550-8FF2372D0049}
	EndGlobalSection
EndGlobal
